
Microsoft Visual Studio Solution File, Format Version 12.00
# Visual Studio Version 17
VisualStudioVersion = 17.5.002.0
MinimumVisualStudioVersion = 10.0.40219.1
Project("{9A19103F-16F7-4668-BE54-9A1E7A4F7556}") = "Ejemplo1", "Ejemplo1\Ejemplo1.csproj", "{F34DDA36-7369-4E9C-B8F5-FD6265D1EF4F}"
EndProject
Global
	GlobalSection(SolutionConfigurationPlatforms) = preSolution
		Debug|Any CPU = Debug|Any CPU
		Release|Any CPU = Release|Any CPU
	EndGlobalSection
	GlobalSection(ProjectConfigurationPlatforms) = postSolution
		{F34DDA36-7369-4E9C-B8F5-FD6265D1EF4F}.Debug|Any CPU.ActiveCfg = Debug|Any CPU
		{F34DDA36-7369-4E9C-B8F5-FD6265D1EF4F}.Debug|Any CPU.Build.0 = Debug|Any CPU
		{F34DDA36-7369-4E9C-B8F5-FD6265D1EF4F}.Release|Any CPU.ActiveCfg = Release|Any CPU
		{F34DDA36-7369-4E9C-B8F5-FD6265D1EF4F}.Release|Any CPU.Build.0 = Release|Any CPU
	EndGlobalSection
	GlobalSection(SolutionProperties) = preSolution
		HideSolutionNode = FALSE
	EndGlobalSection
	GlobalSection(ExtensibilityGlobals) = postSolution
		SolutionGuid = {29ABFB54-8582-4E30-AF89-786F7CD35BA4}
	EndGlobalSection
EndGlobal
